
Microsoft Visual Studio Solution File, Format Version 12.00
# Visual Studio Version 16
VisualStudioVersion = 16.0.30114.105
MinimumVisualStudioVersion = 10.0.40219.1
Project("{FAE04EC0-301F-11D3-BF4B-00C04F79EFBC}") = "Enable Now Konnektor", "Enable Now Konnektor.csproj", "{DFA26985-D1A3-44CB-B60D-0AFAC32BA8E5}"
EndProject
Global
	GlobalSection(SolutionConfigurationPlatforms) = preSolution
		Debug|Any CPU = Debug|Any CPU
		Release|Any CPU = Release|Any CPU
	EndGlobalSection
	GlobalSection(ProjectConfigurationPlatforms) = postSolution
		{DFA26985-D1A3-44CB-B60D-0AFAC32BA8E5}.Debug|Any CPU.ActiveCfg = Debug|Any CPU
		{DFA26985-D1A3-44CB-B60D-0AFAC32BA8E5}.Debug|Any CPU.Build.0 = Debug|Any CPU
		{DFA26985-D1A3-44CB-B60D-0AFAC32BA8E5}.Release|Any CPU.ActiveCfg = Release|Any CPU
		{DFA26985-D1A3-44CB-B60D-0AFAC32BA8E5}.Release|Any CPU.Build.0 = Release|Any CPU
	EndGlobalSection
	GlobalSection(SolutionProperties) = preSolution
		HideSolutionNode = FALSE
	EndGlobalSection
	GlobalSection(ExtensibilityGlobals) = postSolution
		SolutionGuid = {0F49162E-B098-492E-BE56-7E92730E6EA4}
	EndGlobalSection
EndGlobal
